
Microsoft Visual Studio Solution File, Format Version 12.00
# Visual Studio 15
VisualStudioVersion = 15.0.27130.2010
MinimumVisualStudioVersion = 10.0.40219.1
Project("{9A19103F-16F7-4668-BE54-9A1E7A4F7556}") = "IrpsApi.Api", "IrpsApi.Api\IrpsApi.Api.csproj", "{297BBC82-1A29-4F2C-A732-FDFA649ECDDA}"
EndProject
Project("{9A19103F-16F7-4668-BE54-9A1E7A4F7556}") = "IrpsApi.Framework", "IrpsApi.Framework\IrpsApi.Framework.csproj", "{2CFFD271-6B8B-428B-BFEA-47441CB97CB6}"
EndProject
Project("{9A19103F-16F7-4668-BE54-9A1E7A4F7556}") = "IrpsApi.Repositories", "IrpsApi.Repositories\IrpsApi.Repositories.csproj", "{E2C28752-9750-4428-8001-1DC8FB385CB6}"
EndProject
Project("{9A19103F-16F7-4668-BE54-9A1E7A4F7556}") = "IrpsApi.Framework.System", "IrpsApi.Framework.System\IrpsApi.Framework.System.csproj", "{F1937882-E076-447E-A698-F515279F0E0B}"
EndProject
Project("{9A19103F-16F7-4668-BE54-9A1E7A4F7556}") = "IrpsApi.Framework.Accounting", "IrpsApi.Framework.Accounting\IrpsApi.Framework.Accounting.csproj", "{C504A115-3197-43B3-A975-36C4B5DB2E18}"
EndProject
Project("{9A19103F-16F7-4668-BE54-9A1E7A4F7556}") = "IrpsApi.Framework.Accounts", "IrpsApi.Framework.Accounts\IrpsApi.Framework.Accounts.csproj", "{EB2DE550-1701-4118-B84B-77D6BE994A35}"
EndProject
Project("{FAE04EC0-301F-11D3-BF4B-00C04F79EFBC}") = "IrpsApi.Framework.Bank", "IrpsApi.Framework.Bank\IrpsApi.Framework.Bank.csproj", "{343FA9BC-9B5F-43A8-AEF0-717A7F7AC799}"
EndProject
Global
	GlobalSection(SolutionConfigurationPlatforms) = preSolution
		Debug|Any CPU = Debug|Any CPU
		Release|Any CPU = Release|Any CPU
	EndGlobalSection
	GlobalSection(ProjectConfigurationPlatforms) = postSolution
		{297BBC82-1A29-4F2C-A732-FDFA649ECDDA}.Debug|Any CPU.ActiveCfg = Debug|Any CPU
		{297BBC82-1A29-4F2C-A732-FDFA649ECDDA}.Debug|Any CPU.Build.0 = Debug|Any CPU
		{297BBC82-1A29-4F2C-A732-FDFA649ECDDA}.Release|Any CPU.ActiveCfg = Release|Any CPU
		{297BBC82-1A29-4F2C-A732-FDFA649ECDDA}.Release|Any CPU.Build.0 = Release|Any CPU
		{2CFFD271-6B8B-428B-BFEA-47441CB97CB6}.Debug|Any CPU.ActiveCfg = Debug|Any CPU
		{2CFFD271-6B8B-428B-BFEA-47441CB97CB6}.Debug|Any CPU.Build.0 = Debug|Any CPU
		{2CFFD271-6B8B-428B-BFEA-47441CB97CB6}.Release|Any CPU.ActiveCfg = Release|Any CPU
		{2CFFD271-6B8B-428B-BFEA-47441CB97CB6}.Release|Any CPU.Build.0 = Release|Any CPU
		{E2C28752-9750-4428-8001-1DC8FB385CB6}.Debug|Any CPU.ActiveCfg = Debug|Any CPU
		{E2C28752-9750-4428-8001-1DC8FB385CB6}.Debug|Any CPU.Build.0 = Debug|Any CPU
		{E2C28752-9750-4428-8001-1DC8FB385CB6}.Release|Any CPU.ActiveCfg = Release|Any CPU
		{E2C28752-9750-4428-8001-1DC8FB385CB6}.Release|Any CPU.Build.0 = Release|Any CPU
		{F1937882-E076-447E-A698-F515279F0E0B}.Debug|Any CPU.ActiveCfg = Debug|Any CPU
		{F1937882-E076-447E-A698-F515279F0E0B}.Debug|Any CPU.Build.0 = Debug|Any CPU
		{F1937882-E076-447E-A698-F515279F0E0B}.Release|Any CPU.ActiveCfg = Release|Any CPU
		{F1937882-E076-447E-A698-F515279F0E0B}.Release|Any CPU.Build.0 = Release|Any CPU
		{C504A115-3197-43B3-A975-36C4B5DB2E18}.Debug|Any CPU.ActiveCfg = Debug|Any CPU
		{C504A115-3197-43B3-A975-36C4B5DB2E18}.Debug|Any CPU.Build.0 = Debug|Any CPU
		{C504A115-3197-43B3-A975-36C4B5DB2E18}.Release|Any CPU.ActiveCfg = Release|Any CPU
		{C504A115-3197-43B3-A975-36C4B5DB2E18}.Release|Any CPU.Build.0 = Release|Any CPU
		{EB2DE550-1701-4118-B84B-77D6BE994A35}.Debug|Any CPU.ActiveCfg = Debug|Any CPU
		{EB2DE550-1701-4118-B84B-77D6BE994A35}.Debug|Any CPU.Build.0 = Debug|Any CPU
		{EB2DE550-1701-4118-B84B-77D6BE994A35}.Release|Any CPU.ActiveCfg = Release|Any CPU
		{EB2DE550-1701-4118-B84B-77D6BE994A35}.Release|Any CPU.Build.0 = Release|Any CPU
		{343FA9BC-9B5F-43A8-AEF0-717A7F7AC799}.Debug|Any CPU.ActiveCfg = Debug|Any CPU
		{343FA9BC-9B5F-43A8-AEF0-717A7F7AC799}.Debug|Any CPU.Build.0 = Debug|Any CPU
		{343FA9BC-9B5F-43A8-AEF0-717A7F7AC799}.Release|Any CPU.ActiveCfg = Release|Any CPU
		{343FA9BC-9B5F-43A8-AEF0-717A7F7AC799}.Release|Any CPU.Build.0 = Release|Any CPU
	EndGlobalSection
	GlobalSection(SolutionProperties) = preSolution
		HideSolutionNode = FALSE
	EndGlobalSection
	GlobalSection(ExtensibilityGlobals) = postSolution
		SolutionGuid = {3BD6C6AC-5151-4C26-B68C-8E489A6691F9}
	EndGlobalSection
EndGlobal
